
Microsoft Visual Studio Solution File, Format Version 11.00
# Visual Studio 2010 Express for Windows Phone
Project("{FAE04EC0-301F-11D3-BF4B-00C04F79EFBC}") = "Tip Calculater", "Tip Calculater\Tip Calculater.csproj", "{146B2C20-AE94-4AF6-A991-86198F08665E}"
EndProject
Global
	GlobalSection(SolutionConfigurationPlatforms) = preSolution
		Debug|Any CPU = Debug|Any CPU
		Release|Any CPU = Release|Any CPU
	EndGlobalSection
	GlobalSection(ProjectConfigurationPlatforms) = postSolution
		{146B2C20-AE94-4AF6-A991-86198F08665E}.Debug|Any CPU.ActiveCfg = Debug|Any CPU
		{146B2C20-AE94-4AF6-A991-86198F08665E}.Debug|Any CPU.Build.0 = Debug|Any CPU
		{146B2C20-AE94-4AF6-A991-86198F08665E}.Debug|Any CPU.Deploy.0 = Debug|Any CPU
		{146B2C20-AE94-4AF6-A991-86198F08665E}.Release|Any CPU.ActiveCfg = Release|Any CPU
		{146B2C20-AE94-4AF6-A991-86198F08665E}.Release|Any CPU.Build.0 = Release|Any CPU
		{146B2C20-AE94-4AF6-A991-86198F08665E}.Release|Any CPU.Deploy.0 = Release|Any CPU
	EndGlobalSection
	GlobalSection(SolutionProperties) = preSolution
		HideSolutionNode = FALSE
	EndGlobalSection
EndGlobal
